{
  "name": "learning-agent",
  "version": "2.0.6",
  "lockfileVersion": 3,
  "requires": true,
  "packages": {
    "": {
      "name": "learning-agent",
      "version": "2.0.6",
      "hasInstallScript": true,
      "license": "MIT",
      "dependencies": {
        "learning-agent": "^2.0.6"
      },
      "bin": {
        "learning-agent": "scripts/cli.js"
      }
    },
    "node_modules/learning-agent": {
      "version": "2.0.6",
      "resolved": "https://registry.npmjs.org/learning-agent/-/learning-agent-2.0.6.tgz",
      "integrity": "sha512-nDlKpQyCwr1CaopAuKG3TAxwDtAGX8EjLaa0i/d2G7NV4QlmrQCuZ4rcgqOGlZTcExbVsYnBxAOaeCqAfNRqyw==",
      "hasInstallScript": true,
      "license": "MIT",
      "bin": {
        "learning-agent": "scripts/cli.js"
      }
    }
  }
}
